dependencies:
- name: generic-service
  repository: https://ministryofjustice.github.io/hmpps-helm-charts
  version: 3.11.1
- name: generic-prometheus-alerts
  repository: https://ministryofjustice.github.io/hmpps-helm-charts
  version: 1.13.0
- name: alerts
  repository: file://./charts/alerts
  version: 0.1.0
digest: sha256:07fe9b788251aaeba5cb0decca3edc51498590af4c925b500183bb5807b87717
generated: "2025-08-06T17:05:09.571653+01:00"
